
Microsoft Visual Studio Solution File, Format Version 12.00
# Visual Studio Version 16
VisualStudioVersion = 16.0.30621.155
MinimumVisualStudioVersion = 10.0.40219.1
Project("{FAE04EC0-301F-11D3-BF4B-00C04F79EFBC}") = "PlateReader", "PlateReader\PlateReader.csproj", "{1347AD8F-BA62-4363-A72E-E8303A21C935}"
EndProject
Global
	GlobalSection(SolutionConfigurationPlatforms) = preSolution
		Debug|Any CPU = Debug|Any CPU
		Release|Any CPU = Release|Any CPU
	EndGlobalSection
	GlobalSection(ProjectConfigurationPlatforms) = postSolution
		{1347AD8F-BA62-4363-A72E-E8303A21C935}.Debug|Any CPU.ActiveCfg = Debug|Any CPU
		{1347AD8F-BA62-4363-A72E-E8303A21C935}.Debug|Any CPU.Build.0 = Debug|Any CPU
		{1347AD8F-BA62-4363-A72E-E8303A21C935}.Release|Any CPU.ActiveCfg = Release|Any CPU
		{1347AD8F-BA62-4363-A72E-E8303A21C935}.Release|Any CPU.Build.0 = Release|Any CPU
	EndGlobalSection
	GlobalSection(SolutionProperties) = preSolution
		HideSolutionNode = FALSE
	EndGlobalSection
	GlobalSection(ExtensibilityGlobals) = postSolution
		SolutionGuid = {10502AC8-7391-4C1D-99B2-66725BF008A2}
	EndGlobalSection
EndGlobal
